
Microsoft Visual Studio Solution File, Format Version 12.00
# Visual Studio Version 17
VisualStudioVersion = 17.14.36518.9
MinimumVisualStudioVersion = 10.0.40219.1
Project("{FAE04EC0-301F-11D3-BF4B-00C04F79EFBC}") = "ServerManagement", "ServerManagement\ServerManagement.csproj", "{142AB187-0AD5-46AB-85C0-470F6A7CDC5C}"
EndProject
Global
	GlobalSection(SolutionConfigurationPlatforms) = preSolution
		Debug|Any CPU = Debug|Any CPU
		Release|Any CPU = Release|Any CPU
	EndGlobalSection
	GlobalSection(ProjectConfigurationPlatforms) = postSolution
		{142AB187-0AD5-46AB-85C0-470F6A7CDC5C}.Debug|Any CPU.ActiveCfg = Debug|Any CPU
		{142AB187-0AD5-46AB-85C0-470F6A7CDC5C}.Debug|Any CPU.Build.0 = Debug|Any CPU
		{142AB187-0AD5-46AB-85C0-470F6A7CDC5C}.Release|Any CPU.ActiveCfg = Release|Any CPU
		{142AB187-0AD5-46AB-85C0-470F6A7CDC5C}.Release|Any CPU.Build.0 = Release|Any CPU
	EndGlobalSection
	GlobalSection(SolutionProperties) = preSolution
		HideSolutionNode = FALSE
	EndGlobalSection
	GlobalSection(ExtensibilityGlobals) = postSolution
		SolutionGuid = {48E0EE76-9B07-441E-9166-E9D50B8B26CD}
	EndGlobalSection
EndGlobal
